
Microsoft Visual Studio Solution File, Format Version 12.00
# Visual Studio Version 16
VisualStudioVersion = 16.0.30804.86
MinimumVisualStudioVersion = 10.0.40219.1
Project("{FAE04EC0-301F-11D3-BF4B-00C04F79EFBC}") = "csharp", "csharp.csproj", "{4A17B409-CC66-41DF-A1C7-35E0E629EEBB}"
EndProject
Global
	GlobalSection(SolutionConfigurationPlatforms) = preSolution
		Debug|Any CPU = Debug|Any CPU
		Release|Any CPU = Release|Any CPU
	EndGlobalSection
	GlobalSection(ProjectConfigurationPlatforms) = postSolution
		{4A17B409-CC66-41DF-A1C7-35E0E629EEBB}.Debug|Any CPU.ActiveCfg = Debug|Any CPU
		{4A17B409-CC66-41DF-A1C7-35E0E629EEBB}.Debug|Any CPU.Build.0 = Debug|Any CPU
		{4A17B409-CC66-41DF-A1C7-35E0E629EEBB}.Release|Any CPU.ActiveCfg = Release|Any CPU
		{4A17B409-CC66-41DF-A1C7-35E0E629EEBB}.Release|Any CPU.Build.0 = Release|Any CPU
	EndGlobalSection
	GlobalSection(SolutionProperties) = preSolution
		HideSolutionNode = FALSE
	EndGlobalSection
	GlobalSection(ExtensibilityGlobals) = postSolution
		SolutionGuid = {E1F438F6-4F42-4474-9515-B031E19147D5}
	EndGlobalSection
EndGlobal
